
Microsoft Visual Studio Solution File, Format Version 12.00
# Visual Studio Version 17
VisualStudioVersion = 17.14.36908.2 d17.14
MinimumVisualStudioVersion = 10.0.40219.1
Project("{FAE04EC0-301F-11D3-BF4B-00C04F79EFBC}") = "OpenEphys.Miniscope.Design.Gui", "OpenEphys.Miniscope.Design.Gui/OpenEphys.Miniscope.Design.Gui.csproj", "{91B40306-4CA7-421D-956F-DA82F41BA542}"
EndProject
Global
	GlobalSection(SolutionConfigurationPlatforms) = preSolution
		Debug|Any CPU = Debug|Any CPU
		Release|Any CPU = Release|Any CPU
	EndGlobalSection
	GlobalSection(ProjectConfigurationPlatforms) = postSolution
		{91B40306-4CA7-421D-956F-DA82F41BA542}.Debug|Any CPU.ActiveCfg = Debug|Any CPU
		{91B40306-4CA7-421D-956F-DA82F41BA542}.Debug|Any CPU.Build.0 = Debug|Any CPU
		{91B40306-4CA7-421D-956F-DA82F41BA542}.Release|Any CPU.ActiveCfg = Release|Any CPU
		{91B40306-4CA7-421D-956F-DA82F41BA542}.Release|Any CPU.Build.0 = Release|Any CPU
	EndGlobalSection
	GlobalSection(SolutionProperties) = preSolution
		HideSolutionNode = FALSE
	EndGlobalSection
	GlobalSection(ExtensibilityGlobals) = postSolution
		SolutionGuid = {DEB9A7E6-CD4D-4871-85D4-4460D4C16D03}
	EndGlobalSection
EndGlobal
